<?xml version="1.0" encoding="utf-8"?>
<Project ToolsVersion="4.0" xmlns="http://schemas.microsoft.com/developer/msbuild/2003">
  <ItemGroup>
    <Filter Include="Source Files">
      <UniqueIdentifier>{4FC737F1-C7A5-4376-A066-2A32D752A2FF}</UniqueIdentifier>
      <Extensions>cpp;c;cc;cxx;def;odl;idl;hpj;bat;asm;asmx</Extensions>
    </Filter>
    <Filter Include="Header Files">
      <UniqueIdentifier>{93995380-89BD-4b04-88EB-625FBE52EBFB}</UniqueIdentifier>
      <Extensions>h;hh;hpp;hxx;hm;inl;inc;xsd</Extensions>
    </Filter>
    <Filter Include="Resource Files">
      <UniqueIdentifier>{67DA6AB6-F800-4c08-8B7A-83BB121AAD01}</UniqueIdentifier>
      <Extensions>rc;ico;cur;bmp;dlg;rc2;rct;bin;rgs;gif;jpg;jpeg;jpe;resx;tiff;tif;png;wav;mfcribbon-ms</Extensions>
    </Filter>
  </ItemGroup>
  <ItemGroup>
    <ClInclude Include="includes.h">
      <Filter>Header Files</Filter>
    </ClInclude>
    <ClInclude Include="features\aimbot\Aimbot.h">
      <Filter>Header Files</Filter>
    </ClInclude>
    <ClInclude Include="features\anti-aim\AntiAim.h">
      <Filter>Header Files</Filter>
    </ClInclude>
    <ClInclude Include="features\autowall\AutoWall.h">
      <Filter>Header Files</Filter>
    </ClInclude>
    <ClInclude Include="features\lag compensation\Backtracking.h">
      <Filter>Header Files</Filter>
    </ClInclude>
    <ClInclude Include="features\visual\Visuals.h">
      <Filter>Header Files</Filter>
    </ClInclude>
    <ClInclude Include="features\visual\models\Chams.h">
      <Filter>Header Files</Filter>
    </ClInclude>
    <ClInclude Include="features\engine prediction\EnginePrediction.h">
      <Filter>Header Files</Filter>
    </ClInclude>
    <ClInclude Include="features\event listeners\EventListener.h">
      <Filter>Header Files</Filter>
    </ClInclude>
    <ClInclude Include="features\fake lag\FakeLag.h">
      <Filter>Header Files</Filter>
    </ClInclude>
    <ClInclude Include="features\movement\Movement.h">
      <Filter>Header Files</Filter>
    </ClInclude>
    <ClInclude Include="features\movement\fake walk\Fakewalk.h">
      <Filter>Header Files</Filter>
    </ClInclude>
    <ClInclude Include="features\resolver\Resolver.h">
      <Filter>Header Files</Filter>
    </ClInclude>
    <ClInclude Include="features\event listeners\sound.h">
      <Filter>Header Files</Filter>
    </ClInclude>
    <ClInclude Include="hooks\hooks.h">
      <Filter>Header Files</Filter>
    </ClInclude>
    <ClInclude Include="gui\Components.h">
      <Filter>Header Files</Filter>
    </ClInclude>
    <ClInclude Include="gui\menu_commands.h">
      <Filter>Header Files</Filter>
    </ClInclude>
    <ClInclude Include="gui\menu_defines.h">
      <Filter>Header Files</Filter>
    </ClInclude>
    <ClInclude Include="gui\menu_framework.h">
      <Filter>Header Files</Filter>
    </ClInclude>
    <ClInclude Include="gui\menu_objects.h">
      <Filter>Header Files</Filter>
    </ClInclude>
    <ClInclude Include="gui\menu_styles.h">
      <Filter>Header Files</Filter>
    </ClInclude>
    <ClInclude Include="utilities\color.h">
      <Filter>Header Files</Filter>
    </ClInclude>
    <ClInclude Include="utilities\CUtlVector.h">
      <Filter>Header Files</Filter>
    </ClInclude>
    <ClInclude Include="utilities\general_utils.h">
      <Filter>Header Files</Filter>
    </ClInclude>
    <ClInclude Include="utilities\input_handler.h">
      <Filter>Header Files</Filter>
    </ClInclude>
    <ClInclude Include="utilities\interfaces.h">
      <Filter>Header Files</Filter>
    </ClInclude>
    <ClInclude Include="utilities\logging.h">
      <Filter>Header Files</Filter>
    </ClInclude>
    <ClInclude Include="utilities\math.h">
      <Filter>Header Files</Filter>
    </ClInclude>
    <ClInclude Include="utilities\NetvarHookManager.h">
      <Filter>Header Files</Filter>
    </ClInclude>
    <ClInclude Include="utilities\offsets.h">
      <Filter>Header Files</Filter>
    </ClInclude>
    <ClInclude Include="utilities\playerinclude.h">
      <Filter>Header Files</Filter>
    </ClInclude>
    <ClInclude Include="utilities\qangle.h">
      <Filter>Header Files</Filter>
    </ClInclude>
    <ClInclude Include="utilities\quaternion.h">
      <Filter>Header Files</Filter>
    </ClInclude>
    <ClInclude Include="utilities\render.h">
      <Filter>Header Files</Filter>
    </ClInclude>
    <ClInclude Include="utilities\variables.h">
      <Filter>Header Files</Filter>
    </ClInclude>
    <ClInclude Include="utilities\vector2D.h">
      <Filter>Header Files</Filter>
    </ClInclude>
    <ClInclude Include="utilities\vector3D.h">
      <Filter>Header Files</Filter>
    </ClInclude>
    <ClInclude Include="utilities\Vector4D.h">
      <Filter>Header Files</Filter>
    </ClInclude>
    <ClInclude Include="utilities\vmatrix.h">
      <Filter>Header Files</Filter>
    </ClInclude>
    <ClInclude Include="utilities\vmt.h">
      <Filter>Header Files</Filter>
    </ClInclude>
    <ClInclude Include="sdk\AnimLayer.h">
      <Filter>Header Files</Filter>
    </ClInclude>
    <ClInclude Include="sdk\CBaseAnimating.h">
      <Filter>Header Files</Filter>
    </ClInclude>
    <ClInclude Include="sdk\CBaseAnimState.h">
      <Filter>Header Files</Filter>
    </ClInclude>
    <ClInclude Include="sdk\CBaseEntity.h">
      <Filter>Header Files</Filter>
    </ClInclude>
    <ClInclude Include="sdk\CBaseWeapon.h">
      <Filter>Header Files</Filter>
    </ClInclude>
    <ClInclude Include="sdk\CClientEntityList.h">
      <Filter>Header Files</Filter>
    </ClInclude>
    <ClInclude Include="sdk\CClientState.h">
      <Filter>Header Files</Filter>
    </ClInclude>
    <ClInclude Include="sdk\CGlobalVars.h">
      <Filter>Header Files</Filter>
    </ClInclude>
    <ClInclude Include="sdk\CGlowObjectManager.h">
      <Filter>Header Files</Filter>
    </ClInclude>
    <ClInclude Include="sdk\Checksum_CRC.h">
      <Filter>Header Files</Filter>
    </ClInclude>
    <ClInclude Include="sdk\CIncomingSequences.h">
      <Filter>Header Files</Filter>
    </ClInclude>
    <ClInclude Include="sdk\CInput.h">
      <Filter>Header Files</Filter>
    </ClInclude>
    <ClInclude Include="sdk\CInputSystem.h">
      <Filter>Header Files</Filter>
    </ClInclude>
    <ClInclude Include="sdk\CMoveData.h">
      <Filter>Header Files</Filter>
    </ClInclude>
    <ClInclude Include="sdk\Collideable.h">
      <Filter>Header Files</Filter>
    </ClInclude>
    <ClInclude Include="sdk\ConVar.h">
      <Filter>Header Files</Filter>
    </ClInclude>
    <ClInclude Include="sdk\CPanel.h">
      <Filter>Header Files</Filter>
    </ClInclude>
    <ClInclude Include="sdk\CTrace.h">
      <Filter>Header Files</Filter>
    </ClInclude>
    <ClInclude Include="sdk\CUserCmd.h">
      <Filter>Header Files</Filter>
    </ClInclude>
    <ClInclude Include="sdk\CViewSetup.h">
      <Filter>Header Files</Filter>
    </ClInclude>
    <ClInclude Include="sdk\GameEvents.h">
      <Filter>Header Files</Filter>
    </ClInclude>
    <ClInclude Include="sdk\IClient.h">
      <Filter>Header Files</Filter>
    </ClInclude>
    <ClInclude Include="sdk\IEngine.h">
      <Filter>Header Files</Filter>
    </ClInclude>
    <ClInclude Include="sdk\IGameMovement.h">
      <Filter>Header Files</Filter>
    </ClInclude>
    <ClInclude Include="sdk\IMaterial.h">
      <Filter>Header Files</Filter>
    </ClInclude>
    <ClInclude Include="sdk\IMoveHelper.h">
      <Filter>Header Files</Filter>
    </ClInclude>
    <ClInclude Include="sdk\INetChannelInfo.h">
      <Filter>Header Files</Filter>
    </ClInclude>
    <ClInclude Include="sdk\IPrediction.h">
      <Filter>Header Files</Filter>
    </ClInclude>
    <ClInclude Include="sdk\ISurface.h">
      <Filter>Header Files</Filter>
    </ClInclude>
    <ClInclude Include="sdk\IVDebugOverlay.h">
      <Filter>Header Files</Filter>
    </ClInclude>
    <ClInclude Include="sdk\IViewRenderBeams.h">
      <Filter>Header Files</Filter>
    </ClInclude>
    <ClInclude Include="sdk\ModelInfo.h">
      <Filter>Header Files</Filter>
    </ClInclude>
    <ClInclude Include="sdk\ModelRender.h">
      <Filter>Header Files</Filter>
    </ClInclude>
    <ClInclude Include="sdk\NetChannel.h">
      <Filter>Header Files</Filter>
    </ClInclude>
    <ClInclude Include="sdk\player_info_t.h">
      <Filter>Header Files</Filter>
    </ClInclude>
    <ClInclude Include="sdk\RecvData.h">
      <Filter>Header Files</Filter>
    </ClInclude>
    <ClInclude Include="sdk\RenderView.h">
      <Filter>Header Files</Filter>
    </ClInclude>
    <ClInclude Include="sdk\SurfaceData.h">
      <Filter>Header Files</Filter>
    </ClInclude>
    <ClInclude Include="features\grenade pred\grenadepred.h">
      <Filter>Header Files</Filter>
    </ClInclude>
    <ClInclude Include="utilities\singleton.h">
      <Filter>Header Files</Filter>
    </ClInclude>
    <ClInclude Include="gui\textures.h">
      <Filter>Header Files</Filter>
    </ClInclude>
    <ClInclude Include="gui\lodepng.h">
      <Filter>Header Files</Filter>
    </ClInclude>
    <ClInclude Include="gui\newgui\imgui\imconfig.h">
      <Filter>Header Files</Filter>
    </ClInclude>
    <ClInclude Include="gui\newgui\imgui\imgui.h">
      <Filter>Header Files</Filter>
    </ClInclude>
    <ClInclude Include="gui\newgui\imgui\imgui_internal.h">
      <Filter>Header Files</Filter>
    </ClInclude>
    <ClInclude Include="gui\newgui\imgui\stb_rect_pack.h">
      <Filter>Header Files</Filter>
    </ClInclude>
    <ClInclude Include="gui\newgui\imgui\stb_textedit.h">
      <Filter>Header Files</Filter>
    </ClInclude>
    <ClInclude Include="gui\newgui\imgui\stb_truetype.h">
      <Filter>Header Files</Filter>
    </ClInclude>
    <ClInclude Include="gui\newgui\menu.hpp">
      <Filter>Header Files</Filter>
    </ClInclude>
    <ClInclude Include="gui\newgui\imgui\imgui_impl_dx9.h">
      <Filter>Header Files</Filter>
    </ClInclude>
    <ClInclude Include="gui\newgui\imgui\ColorVar.h">
      <Filter>Header Files</Filter>
    </ClInclude>
    <ClInclude Include="features\fakelatency\fakelatency.h">
      <Filter>Header Files</Filter>
    </ClInclude>
  </ItemGroup>
  <ItemGroup>
    <ClCompile Include="main.cpp">
      <Filter>Source Files</Filter>
    </ClCompile>
    <ClCompile Include="features\aimbot\Aimbot.cpp">
      <Filter>Source Files</Filter>
    </ClCompile>
    <ClCompile Include="features\anti-aim\AntiAim.cpp">
      <Filter>Source Files</Filter>
    </ClCompile>
    <ClCompile Include="features\autowall\AutoWall.cpp">
      <Filter>Source Files</Filter>
    </ClCompile>
    <ClCompile Include="features\lag compensation\Backtracking.cpp">
      <Filter>Source Files</Filter>
    </ClCompile>
    <ClCompile Include="features\visual\Visuals.cpp">
      <Filter>Source Files</Filter>
    </ClCompile>
    <ClCompile Include="features\visual\models\Chams.cpp">
      <Filter>Source Files</Filter>
    </ClCompile>
    <ClCompile Include="features\engine prediction\EnginePrediction.cpp">
      <Filter>Source Files</Filter>
    </ClCompile>
    <ClCompile Include="features\event listeners\EventListener.cpp">
      <Filter>Source Files</Filter>
    </ClCompile>
    <ClCompile Include="features\fake lag\FakeLag.cpp">
      <Filter>Source Files</Filter>
    </ClCompile>
    <ClCompile Include="features\movement\Movement.cpp">
      <Filter>Source Files</Filter>
    </ClCompile>
    <ClCompile Include="features\movement\fake walk\Fakewalk.cpp">
      <Filter>Source Files</Filter>
    </ClCompile>
    <ClCompile Include="features\resolver\Resolver.cpp">
      <Filter>Source Files</Filter>
    </ClCompile>
    <ClCompile Include="hooks\hooks.cpp">
      <Filter>Source Files</Filter>
    </ClCompile>
    <ClCompile Include="gui\menu_commands.cpp">
      <Filter>Source Files</Filter>
    </ClCompile>
    <ClCompile Include="gui\menu_framework.cpp">
      <Filter>Source Files</Filter>
    </ClCompile>
    <ClCompile Include="gui\menu_init.cpp">
      <Filter>Source Files</Filter>
    </ClCompile>
    <ClCompile Include="gui\menu_objects.cpp">
      <Filter>Source Files</Filter>
    </ClCompile>
    <ClCompile Include="utilities\general_utils.cpp">
      <Filter>Source Files</Filter>
    </ClCompile>
    <ClCompile Include="utilities\input_handler.cpp">
      <Filter>Source Files</Filter>
    </ClCompile>
    <ClCompile Include="utilities\interfaces.cpp">
      <Filter>Source Files</Filter>
    </ClCompile>
    <ClCompile Include="utilities\logging.cpp">
      <Filter>Source Files</Filter>
    </ClCompile>
    <ClCompile Include="utilities\math.cpp">
      <Filter>Source Files</Filter>
    </ClCompile>
    <ClCompile Include="utilities\NetvarHookManager.cpp">
      <Filter>Source Files</Filter>
    </ClCompile>
    <ClCompile Include="utilities\offsets.cpp">
      <Filter>Source Files</Filter>
    </ClCompile>
    <ClCompile Include="utilities\render.cpp">
      <Filter>Source Files</Filter>
    </ClCompile>
    <ClCompile Include="utilities\spoofedconvar.cpp">
      <Filter>Source Files</Filter>
    </ClCompile>
    <ClCompile Include="utilities\variables.cpp">
      <Filter>Source Files</Filter>
    </ClCompile>
    <ClCompile Include="utilities\Vector4D.cpp">
      <Filter>Source Files</Filter>
    </ClCompile>
    <ClCompile Include="utilities\vmt.cpp">
      <Filter>Source Files</Filter>
    </ClCompile>
    <ClCompile Include="sdk\sdk.cpp">
      <Filter>Source Files</Filter>
    </ClCompile>
    <ClCompile Include="features\grenade pred\grenadepred.cpp">
      <Filter>Source Files</Filter>
    </ClCompile>
    <ClCompile Include="gui\textures.cpp">
      <Filter>Source Files</Filter>
    </ClCompile>
    <ClCompile Include="gui\lodepng.cpp">
      <Filter>Source Files</Filter>
    </ClCompile>
    <ClCompile Include="gui\newgui\imgui\imgui.cpp">
      <Filter>Source Files</Filter>
    </ClCompile>
    <ClCompile Include="gui\newgui\imgui\imgui_draw.cpp">
      <Filter>Source Files</Filter>
    </ClCompile>
    <ClCompile Include="gui\newgui\menu.cpp">
      <Filter>Source Files</Filter>
    </ClCompile>
    <ClCompile Include="gui\newgui\imgui\imgui_demo.cpp">
      <Filter>Source Files</Filter>
    </ClCompile>
    <ClCompile Include="gui\newgui\imgui\imgui_impl_dx9.cpp">
      <Filter>Source Files</Filter>
    </ClCompile>
    <ClCompile Include="gui\newgui\imgui\colorpicker.cpp">
      <Filter>Source Files</Filter>
    </ClCompile>
    <ClCompile Include="features\fakelatency\fakelatency.cpp">
      <Filter>Source Files</Filter>
    </ClCompile>
    <ClCompile Include="features\fakelatency\senddatagram.cpp">
      <Filter>Source Files</Filter>
    </ClCompile>
  </ItemGroup>
</Project>